// !$*UTF8*$!
{
	archiveVersion = 1;
	classes = {
	};
	objectVersion = 56;
	objects = {

/* Begin PBXBuildFile section */
		933494B62ACFF9E900C17105 /* AccountDetail.swift in Sources */ = {isa = PBXBuildFile; fileRef = 933494B52ACFF9E900C17105 /* AccountDetail.swift */; };
		93410C5B2ACD945100FA020A /* GoogleService-Info.plist in Resources */ = {isa = PBXBuildFile; fileRef = 93410C5A2ACD945100FA020A /* GoogleService-Info.plist */; };
		938E27A22AD56DF500A56A21 /* AllMembersCell.xib in Resources */ = {isa = PBXBuildFile; fileRef = 938E27A12AD56DF500A56A21 /* AllMembersCell.xib */; };
		938E27A42AD56E3D00A56A21 /* AllMembersCell.swift in Sources */ = {isa = PBXBuildFile; fileRef = 938E27A32AD56E3D00A56A21 /* AllMembersCell.swift */; };
		93BACE132ACFB68A008FEED1 /* Model.swift in Sources */ = {isa = PBXBuildFile; fileRef = 93BACE122ACFB68A008FEED1 /* Model.swift */; };
		93D1A9A22ACD353800762EAA /* AppDelegate.swift in Sources */ = {isa = PBXBuildFile; fileRef = 93D1A9A12ACD353800762EAA /* AppDelegate.swift */; };
		93D1A9A42ACD353800762EAA /* SceneDelegate.swift in Sources */ = {isa = PBXBuildFile; fileRef = 93D1A9A32ACD353800762EAA /* SceneDelegate.swift */; };
		93D1A9A92ACD353800762EAA /* Main.storyboard in Resources */ = {isa = PBXBuildFile; fileRef = 93D1A9A72ACD353800762EAA /* Main.storyboard */; };
		93D1A9AB2ACD353900762EAA /* Assets.xcassets in Resources */ = {isa = PBXBuildFile; fileRef = 93D1A9AA2ACD353900762EAA /* Assets.xcassets */; };
		93D1A9AE2ACD353900762EAA /* LaunchScreen.storyboard in Resources */ = {isa = PBXBuildFile; fileRef = 93D1A9AC2ACD353900762EAA /* LaunchScreen.storyboard */; };
		93D1A9B62ACD45F900762EAA /* FirstViewController.swift in Sources */ = {isa = PBXBuildFile; fileRef = 93D1A9B52ACD45F900762EAA /* FirstViewController.swift */; };
		93D1A9BA2ACD493600762EAA /* LogIn.swift in Sources */ = {isa = PBXBuildFile; fileRef = 93D1A9B92ACD493600762EAA /* LogIn.swift */; };
		93D9BAB12ACE7ABA0089AA75 /* CollectionCell.xib in Resources */ = {isa = PBXBuildFile; fileRef = 93D9BAB02ACE7ABA0089AA75 /* CollectionCell.xib */; };
		93D9BAB32ACE7B210089AA75 /* CollectionViewCell.swift in Sources */ = {isa = PBXBuildFile; fileRef = 93D9BAB22ACE7B210089AA75 /* CollectionViewCell.swift */; };
		93D9BAB62ACE90D70089AA75 /* SignUp.swift in Sources */ = {isa = PBXBuildFile; fileRef = 93D9BAB52ACE90D60089AA75 /* SignUp.swift */; };
		93F424A62ACD8A9500FC9700 /* MyTeams.swift in Sources */ = {isa = PBXBuildFile; fileRef = 93F424A52ACD8A9500FC9700 /* MyTeams.swift */; };
		93F424A82ACD8AC000FC9700 /* CreatTeam.swift in Sources */ = {isa = PBXBuildFile; fileRef = 93F424A72ACD8AC000FC9700 /* CreatTeam.swift */; };
		93F424AA2ACD8B1800FC9700 /* TabBar.swift in Sources */ = {isa = PBXBuildFile; fileRef = 93F424A92ACD8B1800FC9700 /* TabBar.swift */; };
		93F424AC2ACD8B9100FC9700 /* TeamDetail.swift in Sources */ = {isa = PBXBuildFile; fileRef = 93F424AB2ACD8B9100FC9700 /* TeamDetail.swift */; };
		93F424AE2ACD8BC900FC9700 /* AllMember.swift in Sources */ = {isa = PBXBuildFile; fileRef = 93F424AD2ACD8BC900FC9700 /* AllMember.swift */; };
		B2B4933DB5F0EF576B613712 /* Pods_TeamBooks.framework in Frameworks */ = {isa = PBXBuildFile; fileRef = 8C44C70F13839822D8109F66 /* Pods_TeamBooks.framework */; };
/* End PBXBuildFile section */

/* Begin PBXFileReference section */
		8C44C70F13839822D8109F66 /* Pods_TeamBooks.framework */ = {isa = PBXFileReference; explicitFileType = wrapper.framework; includeInIndex = 0; path = Pods_TeamBooks.framework; sourceTree = BUILT_PRODUCTS_DIR; };
		933494B52ACFF9E900C17105 /* AccountDetail.swift */ = {isa = PBXFileReference; lastKnownFileType = sourcecode.swift; name = AccountDetail.swift; path = TeamBooks/View/AccountDetail.swift; sourceTree = SOURCE_ROOT; };
		93410C5A2ACD945100FA020A /* GoogleService-Info.plist */ = {isa = PBXFileReference; fileEncoding = 4; lastKnownFileType = text.plist.xml; path = "GoogleService-Info.plist"; sourceTree = "<group>"; };
		938E27A12AD56DF500A56A21 /* AllMembersCell.xib */ = {isa = PBXFileReference; lastKnownFileType = file.xib; path = AllMembersCell.xib; sourceTree = "<group>"; };
		938E27A32AD56E3D00A56A21 /* AllMembersCell.swift */ = {isa = PBXFileReference; lastKnownFileType = sourcecode.swift; path = AllMembersCell.swift; sourceTree = "<group>"; };
		93BACE122ACFB68A008FEED1 /* Model.swift */ = {isa = PBXFileReference; lastKnownFileType = sourcecode.swift; path = Model.swift; sourceTree = "<group>"; };
		93D1A99E2ACD353800762EAA /* TeamBooks.app */ = {isa = PBXFileReference; explicitFileType = wrapper.application; includeInIndex = 0; path = TeamBooks.app; sourceTree = BUILT_PRODUCTS_DIR; };
		93D1A9A12ACD353800762EAA /* AppDelegate.swift */ = {isa = PBXFileReference; lastKnownFileType = sourcecode.swift; path = AppDelegate.swift; sourceTree = "<group>"; };
		93D1A9A32ACD353800762EAA /* SceneDelegate.swift */ = {isa = PBXFileReference; lastKnownFileType = sourcecode.swift; path = SceneDelegate.swift; sourceTree = "<group>"; };
		93D1A9A82ACD353800762EAA /* Base */ = {isa = PBXFileReference; lastKnownFileType = file.storyboard; name = Base; path = Base.lproj/Main.storyboard; sourceTree = "<group>"; };
		93D1A9AA2ACD353900762EAA /* Assets.xcassets */ = {isa = PBXFileReference; lastKnownFileType = folder.assetcatalog; path = Assets.xcassets; sourceTree = "<group>"; };
		93D1A9AD2ACD353900762EAA /* Base */ = {isa = PBXFileReference; lastKnownFileType = file.storyboard; name = Base; path = Base.lproj/LaunchScreen.storyboard; sourceTree = "<group>"; };
		93D1A9AF2ACD353900762EAA /* Info.plist */ = {isa = PBXFileReference; lastKnownFileType = text.plist.xml; path = Info.plist; sourceTree = "<group>"; };
		93D1A9B52ACD45F900762EAA /* FirstViewController.swift */ = {isa = PBXFileReference; lastKnownFileType = sourcecode.swift; path = FirstViewController.swift; sourceTree = "<group>"; };
		93D1A9B92ACD493600762EAA /* LogIn.swift */ = {isa = PBXFileReference; lastKnownFileType = sourcecode.swift; path = LogIn.swift; sourceTree = "<group>"; };
		93D9BAB02ACE7ABA0089AA75 /* CollectionCell.xib */ = {isa = PBXFileReference; lastKnownFileType = file.xib; path = CollectionCell.xib; sourceTree = "<group>"; };
		93D9BAB22ACE7B210089AA75 /* CollectionViewCell.swift */ = {isa = PBXFileReference; lastKnownFileType = sourcecode.swift; path = CollectionViewCell.swift; sourceTree = "<group>"; };
		93D9BAB52ACE90D60089AA75 /* SignUp.swift */ = {isa = PBXFileReference; lastKnownFileType = sourcecode.swift; name = SignUp.swift; path = TeamBooks/View/SignUp.swift; sourceTree = SOURCE_ROOT; };
		93F424A52ACD8A9500FC9700 /* MyTeams.swift */ = {isa = PBXFileReference; lastKnownFileType = sourcecode.swift; name = MyTeams.swift; path = TeamBooks/MyTeams.swift; sourceTree = SOURCE_ROOT; };
		93F424A72ACD8AC000FC9700 /* CreatTeam.swift */ = {isa = PBXFileReference; lastKnownFileType = sourcecode.swift; name = CreatTeam.swift; path = TeamBooks/CreatTeam.swift; sourceTree = SOURCE_ROOT; };
		93F424A92ACD8B1800FC9700 /* TabBar.swift */ = {isa = PBXFileReference; lastKnownFileType = sourcecode.swift; name = TabBar.swift; path = TeamBooks/TabBar.swift; sourceTree = SOURCE_ROOT; };
		93F424AB2ACD8B9100FC9700 /* TeamDetail.swift */ = {isa = PBXFileReference; lastKnownFileType = sourcecode.swift; name = TeamDetail.swift; path = TeamBooks/TeamDetail.swift; sourceTree = SOURCE_ROOT; };
		93F424AD2ACD8BC900FC9700 /* AllMember.swift */ = {isa = PBXFileReference; lastKnownFileType = sourcecode.swift; name = AllMember.swift; path = TeamBooks/AllMember.swift; sourceTree = SOURCE_ROOT; };
		A20A5FAA4A9EF55963CC10A1 /* Pods-TeamBooks.debug.xcconfig */ = {isa = PBXFileReference; includeInIndex = 1; lastKnownFileType = text.xcconfig; name = "Pods-TeamBooks.debug.xcconfig"; path = "Target Support Files/Pods-TeamBooks/Pods-TeamBooks.debug.xcconfig"; sourceTree = "<group>"; };
		FB16D442661D6B3F793CD700 /* Pods-TeamBooks.release.xcconfig */ = {isa = PBXFileReference; includeInIndex = 1; lastKnownFileType = text.xcconfig; name = "Pods-TeamBooks.release.xcconfig"; path = "Target Support Files/Pods-TeamBooks/Pods-TeamBooks.release.xcconfig"; sourceTree = "<group>"; };
/* End PBXFileReference section */

/* Begin PBXFrameworksBuildPhase section */
		93D1A99B2ACD353800762EAA /* Frameworks */ = {
			isa = PBXFrameworksBuildPhase;
			buildActionMask = 2147483647;
			files = (
				B2B4933DB5F0EF576B613712 /* Pods_TeamBooks.framework in Frameworks */,
			);
			runOnlyForDeploymentPostprocessing = 0;
		};
/* End PBXFrameworksBuildPhase section */

/* Begin PBXGroup section */
		0B5FB85E30FA9960DA4FF88D /* Frameworks */ = {
			isa = PBXGroup;
			children = (
				8C44C70F13839822D8109F66 /* Pods_TeamBooks.framework */,
			);
			name = Frameworks;
			sourceTree = "<group>";
		};
		93BACE142ACFB68F008FEED1 /* Model */ = {
			isa = PBXGroup;
			children = (
				93BACE122ACFB68A008FEED1 /* Model.swift */,
			);
			path = Model;
			sourceTree = "<group>";
		};
		93D1A9952ACD353800762EAA = {
			isa = PBXGroup;
			children = (
				93D1A9A02ACD353800762EAA /* TeamBooks */,
				93D1A99F2ACD353800762EAA /* Products */,
				BE475E50075B7AB06E010662 /* Pods */,
				0B5FB85E30FA9960DA4FF88D /* Frameworks */,
			);
			sourceTree = "<group>";
		};
		93D1A99F2ACD353800762EAA /* Products */ = {
			isa = PBXGroup;
			children = (
				93D1A99E2ACD353800762EAA /* TeamBooks.app */,
			);
			name = Products;
			sourceTree = "<group>";
		};
		93D1A9A02ACD353800762EAA /* TeamBooks */ = {
			isa = PBXGroup;
			children = (
				93D1A9A12ACD353800762EAA /* AppDelegate.swift */,
				93D1A9A32ACD353800762EAA /* SceneDelegate.swift */,
				93BACE142ACFB68F008FEED1 /* Model */,
				93D9BAB42ACE7C8F0089AA75 /* View */,
				93D1A9BB2ACD4CDF00762EAA /* Controller */,
				93D1A9AA2ACD353900762EAA /* Assets.xcassets */,
				93D1A9AC2ACD353900762EAA /* LaunchScreen.storyboard */,
				93D1A9AF2ACD353900762EAA /* Info.plist */,
				93410C5A2ACD945100FA020A /* GoogleService-Info.plist */,
			);
			path = TeamBooks;
			sourceTree = "<group>";
		};
		93D1A9BB2ACD4CDF00762EAA /* Controller */ = {
			isa = PBXGroup;
			children = (
				93D9BAB52ACE90D60089AA75 /* SignUp.swift */,
				93D1A9B92ACD493600762EAA /* LogIn.swift */,
				93D1A9B52ACD45F900762EAA /* FirstViewController.swift */,
				933494B52ACFF9E900C17105 /* AccountDetail.swift */,
				93F424A52ACD8A9500FC9700 /* MyTeams.swift */,
				93F424A72ACD8AC000FC9700 /* CreatTeam.swift */,
				93F424A92ACD8B1800FC9700 /* TabBar.swift */,
				93F424AB2ACD8B9100FC9700 /* TeamDetail.swift */,
				93F424AD2ACD8BC900FC9700 /* AllMember.swift */,
			);
			path = Controller;
			sourceTree = "<group>";
		};
		93D9BAB42ACE7C8F0089AA75 /* View */ = {
			isa = PBXGroup;
			children = (
				93D1A9A72ACD353800762EAA /* Main.storyboard */,
				93D9BAB02ACE7ABA0089AA75 /* CollectionCell.xib */,
				93D9BAB22ACE7B210089AA75 /* CollectionViewCell.swift */,
				938E27A12AD56DF500A56A21 /* AllMembersCell.xib */,
				938E27A32AD56E3D00A56A21 /* AllMembersCell.swift */,
			);
			path = View;
			sourceTree = "<group>";
		};
		BE475E50075B7AB06E010662 /* Pods */ = {
			isa = PBXGroup;
			children = (
				A20A5FAA4A9EF55963CC10A1 /* Pods-TeamBooks.debug.xcconfig */,
				FB16D442661D6B3F793CD700 /* Pods-TeamBooks.release.xcconfig */,
			);
			path = Pods;
			sourceTree = "<group>";
		};
/* End PBXGroup section */

/* Begin PBXNativeTarget section */
		93D1A99D2ACD353800762EAA /* TeamBooks */ = {
			isa = PBXNativeTarget;
			buildConfigurationList = 93D1A9B22ACD353900762EAA /* Build configuration list for PBXNativeTarget "TeamBooks" */;
			buildPhases = (
				4B8FC2E2F349CCC668FA1E9F /* [CP] Check Pods Manifest.lock */,
				93D1A99A2ACD353800762EAA /* Sources */,
				93D1A99B2ACD353800762EAA /* Frameworks */,
				93D1A99C2ACD353800762EAA /* Resources */,
				C2A5D58BA2BFA2D87D79C92F /* [CP] Embed Pods Frameworks */,
			);
			buildRules = (
			);
			dependencies = (
			);
			name = TeamBooks;
			productName = TeamBooks;
			productReference = 93D1A99E2ACD353800762EAA /* TeamBooks.app */;
			productType = "com.apple.product-type.application";
		};
/* End PBXNativeTarget section */

/* Begin PBXProject section */
		93D1A9962ACD353800762EAA /* Project object */ = {
			isa = PBXProject;
			attributes = {
				BuildIndependentTargetsInParallel = 1;
				LastSwiftUpdateCheck = 1500;
				LastUpgradeCheck = 1500;
				TargetAttributes = {
					93D1A99D2ACD353800762EAA = {
						CreatedOnToolsVersion = 15.0;
					};
				};
			};
			buildConfigurationList = 93D1A9992ACD353800762EAA /* Build configuration list for PBXProject "TeamBooks" */;
			compatibilityVersion = "Xcode 14.0";
			developmentRegion = en;
			hasScannedForEncodings = 0;
			knownRegions = (
				en,
				Base,
			);
			mainGroup = 93D1A9952ACD353800762EAA;
			productRefGroup = 93D1A99F2ACD353800762EAA /* Products */;
			projectDirPath = "";
			projectRoot = "";
			targets = (
				93D1A99D2ACD353800762EAA /* TeamBooks */,
			);
		};
/* End PBXProject section */

/* Begin PBXResourcesBuildPhase section */
		93D1A99C2ACD353800762EAA /* Resources */ = {
			isa = PBXResourcesBuildPhase;
			buildActionMask = 2147483647;
			files = (
				93D9BAB12ACE7ABA0089AA75 /* CollectionCell.xib in Resources */,
				938E27A22AD56DF500A56A21 /* AllMembersCell.xib in Resources */,
				93D1A9AE2ACD353900762EAA /* LaunchScreen.storyboard in Resources */,
				93D1A9AB2ACD353900762EAA /* Assets.xcassets in Resources */,
				93D1A9A92ACD353800762EAA /* Main.storyboard in Resources */,
				93410C5B2ACD945100FA020A /* GoogleService-Info.plist in Resources */,
			);
			runOnlyForDeploymentPostprocessing = 0;
		};
/* End PBXResourcesBuildPhase section */

/* Begin PBXShellScriptBuildPhase section */
		4B8FC2E2F349CCC668FA1E9F /* [CP] Check Pods Manifest.lock */ = {
			isa = PBXShellScriptBuildPhase;
			buildActionMask = 2147483647;
			files = (
			);
			inputFileListPaths = (
			);
			inputPaths = (
				"${PODS_PODFILE_DIR_PATH}/Podfile.lock",
				"${PODS_ROOT}/Manifest.lock",
			);
			name = "[CP] Check Pods Manifest.lock";
			outputFileListPaths = (
			);
			outputPaths = (
				"$(DERIVED_FILE_DIR)/Pods-TeamBooks-checkManifestLockResult.txt",
			);
			runOnlyForDeploymentPostprocessing = 0;
			shellPath = /bin/sh;
			shellScript = "diff \"${PODS_PODFILE_DIR_PATH}/Podfile.lock\" \"${PODS_ROOT}/Manifest.lock\" > /dev/null\nif [ $? != 0 ] ; then\n    # print error to STDERR\n    echo \"error: The sandbox is not in sync with the Podfile.lock. Run 'pod install' or update your CocoaPods installation.\" >&2\n    exit 1\nfi\n# This output is used by Xcode 'outputs' to avoid re-running this script phase.\necho \"SUCCESS\" > \"${SCRIPT_OUTPUT_FILE_0}\"\n";
			showEnvVarsInLog = 0;
		};
		C2A5D58BA2BFA2D87D79C92F /* [CP] Embed Pods Frameworks */ = {
			isa = PBXShellScriptBuildPhase;
			buildActionMask = 2147483647;
			files = (
			);
			inputFileListPaths = (
				"${PODS_ROOT}/Target Support Files/Pods-TeamBooks/Pods-TeamBooks-frameworks-${CONFIGURATION}-input-files.xcfilelist",
			);
			name = "[CP] Embed Pods Frameworks";
			outputFileListPaths = (
				"${PODS_ROOT}/Target Support Files/Pods-TeamBooks/Pods-TeamBooks-frameworks-${CONFIGURATION}-output-files.xcfilelist",
			);
			runOnlyForDeploymentPostprocessing = 0;
			shellPath = /bin/sh;
			shellScript = "\"${PODS_ROOT}/Target Support Files/Pods-TeamBooks/Pods-TeamBooks-frameworks.sh\"\n";
			showEnvVarsInLog = 0;
		};
/* End PBXShellScriptBuildPhase section */

/* Begin PBXSourcesBuildPhase section */
		93D1A99A2ACD353800762EAA /* Sources */ = {
			isa = PBXSourcesBuildPhase;
			buildActionMask = 2147483647;
			files = (
				93D9BAB32ACE7B210089AA75 /* CollectionViewCell.swift in Sources */,
				933494B62ACFF9E900C17105 /* AccountDetail.swift in Sources */,
				93F424AE2ACD8BC900FC9700 /* AllMember.swift in Sources */,
				93F424A62ACD8A9500FC9700 /* MyTeams.swift in Sources */,
				93BACE132ACFB68A008FEED1 /* Model.swift in Sources */,
				938E27A42AD56E3D00A56A21 /* AllMembersCell.swift in Sources */,
				93D9BAB62ACE90D70089AA75 /* SignUp.swift in Sources */,
				93D1A9B62ACD45F900762EAA /* FirstViewController.swift in Sources */,
				93D1A9A22ACD353800762EAA /* AppDelegate.swift in Sources */,
				93D1A9A42ACD353800762EAA /* SceneDelegate.swift in Sources */,
				93F424A82ACD8AC000FC9700 /* CreatTeam.swift in Sources */,
				93F424AC2ACD8B9100FC9700 /* TeamDetail.swift in Sources */,
				93D1A9BA2ACD493600762EAA /* LogIn.swift in Sources */,
				93F424AA2ACD8B1800FC9700 /* TabBar.swift in Sources */,
			);
			runOnlyForDeploymentPostprocessing = 0;
		};
/* End PBXSourcesBuildPhase section */

/* Begin PBXVariantGroup section */
		93D1A9A72ACD353800762EAA /* Main.storyboard */ = {
			isa = PBXVariantGroup;
			children = (
				93D1A9A82ACD353800762EAA /* Base */,
			);
			name = Main.storyboard;
			sourceTree = "<group>";
		};
		93D1A9AC2ACD353900762EAA /* LaunchScreen.storyboard */ = {
			isa = PBXVariantGroup;
			children = (
				93D1A9AD2ACD353900762EAA /* Base */,
			);
			name = LaunchScreen.storyboard;
			sourceTree = "<group>";
		};
/* End PBXVariantGroup section */

/* Begin XCBuildConfiguration section */
		93D1A9B02ACD353900762EAA /* Debug */ = {
			isa = XCBuildConfiguration;
			buildSettings = {
				ALWAYS_SEARCH_USER_PATHS = NO;
				ASSETCATALOG_COMPILER_GENERATE_SWIFT_ASSET_SYMBOL_EXTENSIONS = YES;
				CLANG_ANALYZER_NONNULL = YES;
				CLANG_ANALYZER_NUMBER_OBJECT_CONVERSION = YES_AGGRESSIVE;
				CLANG_CXX_LANGUAGE_STANDARD = "gnu++20";
				CLANG_ENABLE_MODULES = YES;
				CLANG_ENABLE_OBJC_ARC = YES;
				CLANG_ENABLE_OBJC_WEAK = YES;
				CLANG_WARN_BLOCK_CAPTURE_AUTORELEASING = YES;
				CLANG_WARN_BOOL_CONVERSION = YES;
				CLANG_WARN_COMMA = YES;
				CLANG_WARN_CONSTANT_CONVERSION = YES;
				CLANG_WARN_DEPRECATED_OBJC_IMPLEMENTATIONS = YES;
				CLANG_WARN_DIRECT_OBJC_ISA_USAGE = YES_ERROR;
				CLANG_WARN_DOCUMENTATION_COMMENTS = YES;
				CLANG_WARN_EMPTY_BODY = YES;
				CLANG_WARN_ENUM_CONVERSION = YES;
				CLANG_WARN_INFINITE_RECURSION = YES;
				CLANG_WARN_INT_CONVERSION = YES;
				CLANG_WARN_NON_LITERAL_NULL_CONVERSION = YES;
				CLANG_WARN_OBJC_IMPLICIT_RETAIN_SELF = YES;
				CLANG_WARN_OBJC_LITERAL_CONVERSION = YES;
				CLANG_WARN_OBJC_ROOT_CLASS = YES_ERROR;
				CLANG_WARN_QUOTED_INCLUDE_IN_FRAMEWORK_HEADER = YES;
				CLANG_WARN_RANGE_LOOP_ANALYSIS = YES;
				CLANG_WARN_STRICT_PROTOTYPES = YES;
				CLANG_WARN_SUSPICIOUS_MOVE = YES;
				CLANG_WARN_UNGUARDED_AVAILABILITY = YES_AGGRESSIVE;
				CLANG_WARN_UNREACHABLE_CODE = YES;
				CLANG_WARN__DUPLICATE_METHOD_MATCH = YES;
				COPY_PHASE_STRIP = NO;
				DEBUG_INFORMATION_FORMAT = dwarf;
				ENABLE_STRICT_OBJC_MSGSEND = YES;
				ENABLE_TESTABILITY = YES;
				ENABLE_USER_SCRIPT_SANDBOXING = NO;
				GCC_C_LANGUAGE_STANDARD = gnu17;
				GCC_DYNAMIC_NO_PIC = NO;
				GCC_NO_COMMON_BLOCKS = YES;
				GCC_OPTIMIZATION_LEVEL = 0;
				GCC_PREPROCESSOR_DEFINITIONS = (
					"DEBUG=1",
					"$(inherited)",
				);
				GCC_WARN_64_TO_32_BIT_CONVERSION = YES;
				GCC_WARN_ABOUT_RETURN_TYPE = YES_ERROR;
				GCC_WARN_UNDECLARED_SELECTOR = YES;
				GCC_WARN_UNINITIALIZED_AUTOS = YES_AGGRESSIVE;
				GCC_WARN_UNUSED_FUNCTION = YES;
				GCC_WARN_UNUSED_VARIABLE = YES;
				IPHONEOS_DEPLOYMENT_TARGET = 17.0;
				LOCALIZATION_PREFERS_STRING_CATALOGS = YES;
				MTL_ENABLE_DEBUG_INFO = INCLUDE_SOURCE;
				MTL_FAST_MATH = YES;
				ONLY_ACTIVE_ARCH = YES;
				SDKROOT = iphoneos;
				SWIFT_ACTIVE_COMPILATION_CONDITIONS = "DEBUG $(inherited)";
				SWIFT_OPTIMIZATION_LEVEL = "-Onone";
			};
			name = Debug;
		};
		93D1A9B12ACD353900762EAA /* Release */ = {
			isa = XCBuildConfiguration;
			buildSettings = {
				ALWAYS_SEARCH_USER_PATHS = NO;
				ASSETCATALOG_COMPILER_GENERATE_SWIFT_ASSET_SYMBOL_EXTENSIONS = YES;
				CLANG_ANALYZER_NONNULL = YES;
				CLANG_ANALYZER_NUMBER_OBJECT_CONVERSION = YES_AGGRESSIVE;
				CLANG_CXX_LANGUAGE_STANDARD = "gnu++20";
				CLANG_ENABLE_MODULES = YES;
				CLANG_ENABLE_OBJC_ARC = YES;
				CLANG_ENABLE_OBJC_WEAK = YES;
				CLANG_WARN_BLOCK_CAPTURE_AUTORELEASING = YES;
				CLANG_WARN_BOOL_CONVERSION = YES;
				CLANG_WARN_COMMA = YES;
				CLANG_WARN_CONSTANT_CONVERSION = YES;
				CLANG_WARN_DEPRECATED_OBJC_IMPLEMENTATIONS = YES;
				CLANG_WARN_DIRECT_OBJC_ISA_USAGE = YES_ERROR;
				CLANG_WARN_DOCUMENTATION_COMMENTS = YES;
				CLANG_WARN_EMPTY_BODY = YES;
				CLANG_WARN_ENUM_CONVERSION = YES;
				CLANG_WARN_INFINITE_RECURSION = YES;
				CLANG_WARN_INT_CONVERSION = YES;
				CLANG_WARN_NON_LITERAL_NULL_CONVERSION = YES;
				CLANG_WARN_OBJC_IMPLICIT_RETAIN_SELF = YES;
				CLANG_WARN_OBJC_LITERAL_CONVERSION = YES;
				CLANG_WARN_OBJC_ROOT_CLASS = YES_ERROR;
				CLANG_WARN_QUOTED_INCLUDE_IN_FRAMEWORK_HEADER = YES;
				CLANG_WARN_RANGE_LOOP_ANALYSIS = YES;
				CLANG_WARN_STRICT_PROTOTYPES = YES;
				CLANG_WARN_SUSPICIOUS_MOVE = YES;
				CLANG_WARN_UNGUARDED_AVAILABILITY = YES_AGGRESSIVE;
				CLANG_WARN_UNREACHABLE_CODE = YES;
				CLANG_WARN__DUPLICATE_METHOD_MATCH = YES;
				COPY_PHASE_STRIP = NO;
				DEBUG_INFORMATION_FORMAT = "dwarf-with-dsym";
				ENABLE_NS_ASSERTIONS = NO;
				ENABLE_STRICT_OBJC_MSGSEND = YES;
				ENABLE_USER_SCRIPT_SANDBOXING = NO;
				GCC_C_LANGUAGE_STANDARD = gnu17;
				GCC_NO_COMMON_BLOCKS = YES;
				GCC_WARN_64_TO_32_BIT_CONVERSION = YES;
				GCC_WARN_ABOUT_RETURN_TYPE = YES_ERROR;
				GCC_WARN_UNDECLARED_SELECTOR = YES;
				GCC_WARN_UNINITIALIZED_AUTOS = YES_AGGRESSIVE;
				GCC_WARN_UNUSED_FUNCTION = YES;
				GCC_WARN_UNUSED_VARIABLE = YES;
				IPHONEOS_DEPLOYMENT_TARGET = 17.0;
				LOCALIZATION_PREFERS_STRING_CATALOGS = YES;
				MTL_ENABLE_DEBUG_INFO = NO;
				MTL_FAST_MATH = YES;
				SDKROOT = iphoneos;
				SWIFT_COMPILATION_MODE = wholemodule;
				VALIDATE_PRODUCT = YES;
			};
			name = Release;
		};
		93D1A9B32ACD353900762EAA /* Debug */ = {
			isa = XCBuildConfiguration;
			baseConfigurationReference = A20A5FAA4A9EF55963CC10A1 /* Pods-TeamBooks.debug.xcconfig */;
			buildSettings = {
				ASSETCATALOG_COMPILER_APPICON_NAME = AppIcon;
				ASSETCATALOG_COMPILER_GLOBAL_ACCENT_COLOR_NAME = AccentColor;
				CODE_SIGN_STYLE = Automatic;
				CURRENT_PROJECT_VERSION = 1;
				DEVELOPMENT_TEAM = L67F98NJ7R;
				GENERATE_INFOPLIST_FILE = YES;
				INFOPLIST_FILE = TeamBooks/Info.plist;
				INFOPLIST_KEY_UIApplicationSupportsIndirectInputEvents = YES;
				INFOPLIST_KEY_UILaunchStoryboardName = LaunchScreen;
				INFOPLIST_KEY_UIMainStoryboardFile = Main;
				INFOPLIST_KEY_UISupportedInterfaceOrientations = UIInterfaceOrientationPortrait;
				IPHONEOS_DEPLOYMENT_TARGET = 13.0;
				LD_RUNPATH_SEARCH_PATHS = (
					"$(inherited)",
					"@executable_path/Frameworks",
				);
				MARKETING_VERSION = 1.0;
				PRODUCT_BUNDLE_IDENTIFIER = com.houmiao.TeamBooks;
				PRODUCT_NAME = "$(TARGET_NAME)";
				SUPPORTED_PLATFORMS = "iphoneos iphonesimulator";
				SUPPORTS_MACCATALYST = NO;
				SWIFT_EMIT_LOC_STRINGS = YES;
				SWIFT_VERSION = 5.0;
				TARGETED_DEVICE_FAMILY = 1;
			};
			name = Debug;
		};
		93D1A9B42ACD353900762EAA /* Release */ = {
			isa = XCBuildConfiguration;
			baseConfigurationReference = FB16D442661D6B3F793CD700 /* Pods-TeamBooks.release.xcconfig */;
			buildSettings = {
				ASSETCATALOG_COMPILER_APPICON_NAME = AppIcon;
				ASSETCATALOG_COMPILER_GLOBAL_ACCENT_COLOR_NAME = AccentColor;
				CODE_SIGN_STYLE = Automatic;
				CURRENT_PROJECT_VERSION = 1;
				DEVELOPMENT_TEAM = L67F98NJ7R;
				GENERATE_INFOPLIST_FILE = YES;
				INFOPLIST_FILE = TeamBooks/Info.plist;
				INFOPLIST_KEY_UIApplicationSupportsIndirectInputEvents = YES;
				INFOPLIST_KEY_UILaunchStoryboardName = LaunchScreen;
				INFOPLIST_KEY_UIMainStoryboardFile = Main;
				INFOPLIST_KEY_UISupportedInterfaceOrientations = UIInterfaceOrientationPortrait;
				IPHONEOS_DEPLOYMENT_TARGET = 13.0;
				LD_RUNPATH_SEARCH_PATHS = (
					"$(inherited)",
					"@executable_path/Frameworks",
				);
				MARKETING_VERSION = 1.0;
				PRODUCT_BUNDLE_IDENTIFIER = com.houmiao.TeamBooks;
				PRODUCT_NAME = "$(TARGET_NAME)";
				SUPPORTED_PLATFORMS = "iphoneos iphonesimulator";
				SUPPORTS_MACCATALYST = NO;
				SWIFT_EMIT_LOC_STRINGS = YES;
				SWIFT_VERSION = 5.0;
				TARGETED_DEVICE_FAMILY = 1;
			};
			name = Release;
		};
/* End XCBuildConfiguration section */

/* Begin XCConfigurationList section */
		93D1A9992ACD353800762EAA /* Build configuration list for PBXProject "TeamBooks" */ = {
			isa = XCConfigurationList;
			buildConfigurations = (
				93D1A9B02ACD353900762EAA /* Debug */,
				93D1A9B12ACD353900762EAA /* Release */,
			);
			defaultConfigurationIsVisible = 0;
			defaultConfigurationName = Release;
		};
		93D1A9B22ACD353900762EAA /* Build configuration list for PBXNativeTarget "TeamBooks" */ = {
			isa = XCConfigurationList;
			buildConfigurations = (
				93D1A9B32ACD353900762EAA /* Debug */,
				93D1A9B42ACD353900762EAA /* Release */,
			);
			defaultConfigurationIsVisible = 0;
			defaultConfigurationName = Release;
		};
/* End XCConfigurationList section */
	};
	rootObject = 93D1A9962ACD353800762EAA /* Project object */;
}
